<?xml version="1.0" encoding="utf-8"?>
<Project ToolsVersion="4.0" xmlns="http://schemas.microsoft.com/developer/msbuild/2003">
  <ItemGroup>
    <Filter Include="Source Files">
      <UniqueIdentifier>{4FC737F1-C7A5-4376-A066-2A32D752A2FF}</UniqueIdentifier>
      <Extensions>cpp;c;cc;cxx;c++;def;odl;idl;hpj;bat;asm;asmx</Extensions>
    </Filter>
    <Filter Include="Header Files">
      <UniqueIdentifier>{93995380-89BD-4b04-88EB-625FBE52EBFB}</UniqueIdentifier>
      <Extensions>h;hh;hpp;hxx;h++;hm;inl;inc;ipp;xsd</Extensions>
    </Filter>
    <Filter Include="Resource Files">
      <UniqueIdentifier>{67DA6AB6-F800-4c08-8B7A-83BB121AAD01}</UniqueIdentifier>
      <Extensions>rc;ico;cur;bmp;dlg;rc2;rct;bin;rgs;gif;jpg;jpeg;jpe;resx;tiff;tif;png;wav;mfcribbon-ms</Extensions>
    </Filter>
  </ItemGroup>
  <ItemGroup>
    <ClCompile Include="Source.cpp">
      <Filter>Source Files</Filter>
    </ClCompile>
    <ClCompile Include="01 Movie Data.cpp">
      <Filter>Source Files</Filter>
    </ClCompile>
    <ClCompile Include="02 Movie Profit.cpp">
      <Filter>Source Files</Filter>
    </ClCompile>
    <ClCompile Include="03 Corporate Sales Data.cpp">
      <Filter>Source Files</Filter>
    </ClCompile>
    <ClCompile Include="04 Weather Statistics.cpp">
      <Filter>Source Files</Filter>
    </ClCompile>
    <ClCompile Include="05 Weather Statistics Modification.cpp">
      <Filter>Source Files</Filter>
    </ClCompile>
    <ClCompile Include="06 Soccer Scores.cpp">
      <Filter>Source Files</Filter>
    </ClCompile>
    <ClCompile Include="07 Customer Accounts.cpp">
      <Filter>Source Files</Filter>
    </ClCompile>
    <ClCompile Include="08 Search Function for Customer Accounts Program.cpp">
      <Filter>Source Files</Filter>
    </ClCompile>
    <ClCompile Include="09 Speakers Bureau.cpp">
      <Filter>Source Files</Filter>
    </ClCompile>
    <ClCompile Include="10 Search Function for the Speakers Bureau Program.cpp">
      <Filter>Source Files</Filter>
    </ClCompile>
    <ClCompile Include="11 Monthly Budget.cpp">
      <Filter>Source Files</Filter>
    </ClCompile>
    <ClCompile Include="12 Course Grade.cpp">
      <Filter>Source Files</Filter>
    </ClCompile>
    <ClCompile Include="13 Drink Machine Simulator.cpp">
      <Filter>Source Files</Filter>
    </ClCompile>
    <ClCompile Include="14 Inventory Bins.cpp">
      <Filter>Source Files</Filter>
    </ClCompile>
    <ClCompile Include="15 Multipurpose Payroll.cpp">
      <Filter>Source Files</Filter>
    </ClCompile>
  </ItemGroup>
  <ItemGroup>
    <Text Include="fileinput7.txt">
      <Filter>Source Files</Filter>
    </Text>
    <Text Include="fileoutput7.txt">
      <Filter>Source Files</Filter>
    </Text>
    <Text Include="outfile8.txt">
      <Filter>Source Files</Filter>
    </Text>
    <Text Include="infile8.txt">
      <Filter>Source Files</Filter>
    </Text>
    <Text Include="secretmessage.txt">
      <Filter>Source Files</Filter>
    </Text>
    <Text Include="encryptionfile.txt">
      <Filter>Source Files</Filter>
    </Text>
    <Text Include="decryption.txt">
      <Filter>Source Files</Filter>
    </Text>
    <Text Include="file15.txt">
      <Filter>Source Files</Filter>
    </Text>
  </ItemGroup>
</Project>